{
  "object": {
    "pins": [
      {
        "package": "AEPCore",
        "repositoryURL": "https://github.com/adobe/aepsdk-core-ios.git",
        "state": {
          "branch": null,
          "revision": "14dbeef70cb1375ea86667db5571e74522ccc23f",
          "version": "3.3.0"
        }
      },
      {
        "package": "AEPRulesEngine",
        "repositoryURL": "https://github.com/adobe/aepsdk-rulesengine-ios.git",
        "state": {
          "branch": null,
          "revision": "c3337be0f893db495aa497fef760e0518a1e5fe2",
          "version": "1.0.1"
        }
      }
    ]
  },
  "version": 1
}
