PODS:
  - AEPCore (3.5.0):
    - AEPRulesEngine (>= 1.1.0)
    - AEPServices (>= 3.5.0)
  - AEPIdentity (3.5.0):
    - AEPCore (>= 3.5.0)
  - AEPMobileServices (3.0.3):
    - AEPCore
    - AEPMobileServices/xcframeworks (= 3.0.3)
  - AEPMobileServices/xcframeworks (3.0.3):
    - AEPCore
  - AEPRulesEngine (1.1.0)
  - AEPServices (3.5.0)
  - AppsFlyerAdobeAEPExtension (6.5.4):
    - AEPCore
    - AEPIdentity
    - AppsFlyerFramework (= 6.5.4)
  - AppsFlyerFramework (6.5.4):
    - AppsFlyerFramework/Main (= 6.5.4)
  - AppsFlyerFramework/Main (6.5.4)

DEPENDENCIES:
  - AEPMobileServices
  - AppsFlyerAdobeAEPExtension (from `../`)

SPEC REPOS:
  trunk:
    - AEPCore
    - AEPIdentity
    - AEPMobileServices
    - AEPRulesEngine
    - AEPServices
    - AppsFlyerFramework

EXTERNAL SOURCES:
  AppsFlyerAdobeAEPExtension:
    :path: "../"

SPEC CHECKSUMS:
  AEPCore: a3b4159038df33b63ebdab227342cd57d8ded1b0
  AEPIdentity: d7745fc4df403b7281b18fa7df917e68f061c9b2
  AEPMobileServices: 4e37bfba389ceaaa24f3ee663521418477d3d558
  AEPRulesEngine: bb2927ed5501ddf9754c66e97f8d2b1cf8e33b19
  AEPServices: 2e869a387b67c04ab5f3f647026412ff410efbb0
  AppsFlyerAdobeAEPExtension: 5ccc7bb9c5e71d22ca348f0f2b8968c008144906
  AppsFlyerFramework: e309a6cab366296bf891dc68b175de1e9a44f86c

PODFILE CHECKSUM: 9e18b4e45224db0b0e9c63524baa0f229371545c

COCOAPODS: 1.11.2
